
Microsoft Visual Studio Solution File, Format Version 12.00
# Visual Studio 16
Project("{FAE04EC0-301F-11D3-BF4B-00C04F79EFBC}") = "Assembly-CSharp", "Assembly-CSharp.csproj", "{7D554D87-A79D-D65D-EE37-961DADEAB21F}"
EndProject
Project("{FAE04EC0-301F-11D3-BF4B-00C04F79EFBC}") = "Assembly-CSharp-Editor", "Assembly-CSharp-Editor.csproj", "{5E63032F-43C6-126E-6346-8D9514AA107C}"
EndProject
Global
	GlobalSection(SolutionConfigurationPlatforms) = preSolution
		Debug|Any CPU = Debug|Any CPU
		Release|Any CPU = Release|Any CPU
	EndGlobalSection
	GlobalSection(ProjectConfigurationPlatforms) = postSolution
		{7D554D87-A79D-D65D-EE37-961DADEAB21F}.Debug|Any CPU.ActiveCfg = Debug|Any CPU
		{7D554D87-A79D-D65D-EE37-961DADEAB21F}.Debug|Any CPU.Build.0 = Debug|Any CPU
		{7D554D87-A79D-D65D-EE37-961DADEAB21F}.Release|Any CPU.ActiveCfg = Release|Any CPU
		{7D554D87-A79D-D65D-EE37-961DADEAB21F}.Release|Any CPU.Build.0 = Release|Any CPU
		{5E63032F-43C6-126E-6346-8D9514AA107C}.Debug|Any CPU.ActiveCfg = Debug|Any CPU
		{5E63032F-43C6-126E-6346-8D9514AA107C}.Debug|Any CPU.Build.0 = Debug|Any CPU
		{5E63032F-43C6-126E-6346-8D9514AA107C}.Release|Any CPU.ActiveCfg = Release|Any CPU
		{5E63032F-43C6-126E-6346-8D9514AA107C}.Release|Any CPU.Build.0 = Release|Any CPU
	EndGlobalSection
	GlobalSection(SolutionProperties) = preSolution
		HideSolutionNode = FALSE
	EndGlobalSection
EndGlobal
